{
  "name": "tutorappserver",
  "version": "1.0.0",
  "lockfileVersion": 1,
  "requires": true,
  "dependencies": {
    "bluebird": {
      "version": "3.5.1",
      "resolved": "https://registry.npmjs.org/bluebird/-/bluebird-3.5.1.tgz",
      "integrity": "sha512-MKiLiV+I1AA596t9w1sQJ8jkiSr5+ZKi0WKrYGUn6d1Fx+Ij4tIj+m2WMQSGczs5jZVxV339chE8iwk6F64wjA==",
      "dev": true
    },
    "buffer-crc32": {
      "version": "0.2.13",
      "resolved": "https://registry.npmjs.org/buffer-crc32/-/buffer-crc32-0.2.13.tgz",
      "integrity": "sha1-DTM+PwDqxQqhRUq9MO+MKl2ackI="
    },
    "charenc": {
      "version": "0.0.2",
      "resolved": "https://registry.npmjs.org/charenc/-/charenc-0.0.2.tgz",
      "integrity": "sha1-wKHS86cJLgN3S/qD8UwPxXkKhmc="
    },
    "crypt": {
      "version": "0.0.2",
      "resolved": "https://registry.npmjs.org/crypt/-/crypt-0.0.2.tgz",
      "integrity": "sha1-iNf/fsDfuG9xPch7u0LQRNPmxBs="
    },
    "fibers": {
      "version": "2.0.0",
      "resolved": "https://registry.npmjs.org/fibers/-/fibers-2.0.0.tgz",
      "integrity": "sha512-sLxo4rZVk7xLgAjb/6zEzHJfSALx6u6coN1z61XCOF7i6CyTdJawF4+RdpjCSeS8AP66eR2InScbYAz9RAVOgA=="
    },
    "file-type": {
      "version": "7.5.0",
      "resolved": "https://registry.npmjs.org/file-type/-/file-type-7.5.0.tgz",
      "integrity": "sha512-siGSLPCL9mJM10TaTswSF2Ry60stJaemPbAf2StSGOcjlfVIA2V/wX3Qg8IiTHmGLMch0ZaM9DhszSo5rfIulg=="
    },
    "filesize": {
      "version": "3.6.1",
      "resolved": "https://registry.npmjs.org/filesize/-/filesize-3.6.1.tgz",
      "integrity": "sha512-7KjR1vv6qnicaPMi1iiTcI85CyYwRO/PSFCu6SvqL8jN2Wjt/NIYQTFtFs7fSDCYOstUkEWIQGFUg5YZQfjlcg==",
      "dev": true
    },
    "moment": {
      "version": "2.20.1",
      "resolved": "https://registry.npmjs.org/moment/-/moment-2.20.1.tgz",
      "integrity": "sha512-Yh9y73JRljxW5QxN08Fner68eFLxM5ynNOAw2LbIB1YAGeQzZT8QFSUvkAz609Zf+IHhhaUxqZK8dG3W/+HEvg=="
    },
    "paypal-rest-sdk": {
      "version": "1.8.1",
      "resolved": "https://registry.npmjs.org/paypal-rest-sdk/-/paypal-rest-sdk-1.8.1.tgz",
      "integrity": "sha512-Trj2GuPn10GqpICAxQh5wjxuDT7rq7DMOkvyatz05wI5xPGmqXN7UC0WfDSF9WSBs4YdcWZP0g+nY+sOdaFggw==",
      "requires": {
        "buffer-crc32": "0.2.13",
        "semver": "5.5.0"
      }
    },
    "semver": {
      "version": "5.5.0",
      "resolved": "https://registry.npmjs.org/semver/-/semver-5.5.0.tgz",
      "integrity": "sha512-4SJ3dm0WAwWy/NVeioZh5AntkdJoWKxHxcmyP622fOkgHa4z3R0TdBJICINyaSDE6uNwVc8gZr+ZinwZAH4xIA=="
    },
    "serverless-nested-stack": {
      "version": "0.0.7",
      "resolved": "https://registry.npmjs.org/serverless-nested-stack/-/serverless-nested-stack-0.0.7.tgz",
      "integrity": "sha1-Tl7C96Sow+f/9Fp2wPjLgoWqlYg=",
      "dev": true,
      "requires": {
        "bluebird": "3.5.1",
        "filesize": "3.6.1"
      }
    },
    "sha1": {
      "version": "1.1.1",
      "resolved": "https://registry.npmjs.org/sha1/-/sha1-1.1.1.tgz",
      "integrity": "sha1-rdqnqTFo85PxnrKxUJFhjicA+Eg=",
      "requires": {
        "charenc": "0.0.2",
        "crypt": "0.0.2"
      }
    },
    "uuid": {
      "version": "3.1.0",
      "resolved": "https://registry.npmjs.org/uuid/-/uuid-3.1.0.tgz",
      "integrity": "sha512-DIWtzUkw04M4k3bf1IcpS2tngXEL26YUD2M0tMDUpnUrz2hgzUBlD55a4FjdLGPvfHxS6uluGWvaVEqgBcVa+g=="
    },
    "wait.for": {
      "version": "0.6.6",
      "resolved": "https://registry.npmjs.org/wait.for/-/wait.for-0.6.6.tgz",
      "integrity": "sha1-DMkHnOBoCoBUXi7Ju3ppOhbgdQQ=",
      "requires": {
        "fibers": "2.0.0"
      }
    },
    "wait.for-es6": {
      "version": "0.1.0",
      "resolved": "https://registry.npmjs.org/wait.for-es6/-/wait.for-es6-0.1.0.tgz",
      "integrity": "sha1-M5DGzq2puwNljO12AN/wqos2QD0="
    }
  }
}
